<?xml version="1.0" encoding="utf-8"?>
<Project ToolsVersion="17.0" xmlns="http://schemas.microsoft.com/developer/msbuild/2003">
  <ItemGroup>
    <ClCompile Include="D:\C++ Projects\Lab2+\Lab2+\Lab2+.cpp">
      <Filter>Source Files</Filter>
    </ClCompile>
  </ItemGroup>
  <ItemGroup>
    <ClInclude Include="D:\C++ Projects\Lab2+\Lab2+\Lab2+.h">
      <Filter>Header Files</Filter>
    </ClInclude>
  </ItemGroup>
  <ItemGroup>
    <CustomBuild Include="D:\C++ Projects\Lab2+\Lab2+\CMakeLists.txt" />
  </ItemGroup>
  <ItemGroup>
    <Filter Include="Header Files">
      <UniqueIdentifier>{2A4FADBB-7825-3F25-990D-82476D4D7E0D}</UniqueIdentifier>
    </Filter>
    <Filter Include="Source Files">
      <UniqueIdentifier>{C80C178B-78F3-38B3-9083-0D1762E668D2}</UniqueIdentifier>
    </Filter>
  </ItemGroup>
</Project>
